// !$*UTF8*$!
{
	archiveVersion = 1;
	classes = {
	};
	objectVersion = 46;
	objects = {

/* Begin PBXBuildFile section */
		AAD766561C8C7D74002662D1 /* main.m in Sources */ = {isa = PBXBuildFile; fileRef = AAD766551C8C7D74002662D1 /* main.m */; };
		AAD766591C8C7D74002662D1 /* AppDelegate.m in Sources */ = {isa = PBXBuildFile; fileRef = AAD766581C8C7D74002662D1 /* AppDelegate.m */; };
		AAD7665B1C8C7D74002662D1 /* Assets.xcassets in Resources */ = {isa = PBXBuildFile; fileRef = AAD7665A1C8C7D74002662D1 /* Assets.xcassets */; };
		AAD7665E1C8C7D74002662D1 /* LaunchScreen.storyboard in Resources */ = {isa = PBXBuildFile; fileRef = AAD7665C1C8C7D74002662D1 /* LaunchScreen.storyboard */; };
		AAD766661C8C7D92002662D1 /* CoreLocation.framework in Frameworks */ = {isa = PBXBuildFile; fileRef = AAD766651C8C7D92002662D1 /* CoreLocation.framework */; };
		AAD766681C8C7D9A002662D1 /* MapKit.framework in Frameworks */ = {isa = PBXBuildFile; fileRef = AAD766671C8C7D9A002662D1 /* MapKit.framework */; };
		AAD7666C1C8C80DB002662D1 /* AOAMazingerZ.m in Sources */ = {isa = PBXBuildFile; fileRef = AAD7666B1C8C80DB002662D1 /* AOAMazingerZ.m */; };
		AAD766711C8C8392002662D1 /* AOAMazingerViewController.m in Sources */ = {isa = PBXBuildFile; fileRef = AAD7666F1C8C8392002662D1 /* AOAMazingerViewController.m */; };
		AAD766721C8C8392002662D1 /* AOAMazingerViewController.xib in Resources */ = {isa = PBXBuildFile; fileRef = AAD766701C8C8392002662D1 /* AOAMazingerViewController.xib */; };
		AAD886DE1C8C8FD3006B5418 /* mazinger.png in Resources */ = {isa = PBXBuildFile; fileRef = AAD886DD1C8C8FD3006B5418 /* mazinger.png */; };
/* End PBXBuildFile section */

/* Begin PBXFileReference section */
		AAD766511C8C7D74002662D1 /* iMazingerZ.app */ = {isa = PBXFileReference; explicitFileType = wrapper.application; includeInIndex = 0; path = iMazingerZ.app; sourceTree = BUILT_PRODUCTS_DIR; };
		AAD766551C8C7D74002662D1 /* main.m */ = {isa = PBXFileReference; lastKnownFileType = sourcecode.c.objc; path = main.m; sourceTree = "<group>"; };
		AAD766571C8C7D74002662D1 /* AppDelegate.h */ = {isa = PBXFileReference; lastKnownFileType = sourcecode.c.h; path = AppDelegate.h; sourceTree = "<group>"; };
		AAD766581C8C7D74002662D1 /* AppDelegate.m */ = {isa = PBXFileReference; lastKnownFileType = sourcecode.c.objc; path = AppDelegate.m; sourceTree = "<group>"; };
		AAD7665A1C8C7D74002662D1 /* Assets.xcassets */ = {isa = PBXFileReference; lastKnownFileType = folder.assetcatalog; path = Assets.xcassets; sourceTree = "<group>"; };
		AAD7665D1C8C7D74002662D1 /* Base */ = {isa = PBXFileReference; lastKnownFileType = file.storyboard; name = Base; path = Base.lproj/LaunchScreen.storyboard; sourceTree = "<group>"; };
		AAD7665F1C8C7D74002662D1 /* Info.plist */ = {isa = PBXFileReference; lastKnownFileType = text.plist.xml; path = Info.plist; sourceTree = "<group>"; };
		AAD766651C8C7D92002662D1 /* CoreLocation.framework */ = {isa = PBXFileReference; lastKnownFileType = wrapper.framework; name = CoreLocation.framework; path = System/Library/Frameworks/CoreLocation.framework; sourceTree = SDKROOT; };
		AAD766671C8C7D9A002662D1 /* MapKit.framework */ = {isa = PBXFileReference; lastKnownFileType = wrapper.framework; name = MapKit.framework; path = System/Library/Frameworks/MapKit.framework; sourceTree = SDKROOT; };
		AAD7666A1C8C80DB002662D1 /* AOAMazingerZ.h */ = {isa = PBXFileReference; fileEncoding = 4; lastKnownFileType = sourcecode.c.h; path = AOAMazingerZ.h; sourceTree = "<group>"; };
		AAD7666B1C8C80DB002662D1 /* AOAMazingerZ.m */ = {isa = PBXFileReference; fileEncoding = 4; lastKnownFileType = sourcecode.c.objc; path = AOAMazingerZ.m; sourceTree = "<group>"; };
		AAD7666E1C8C8392002662D1 /* AOAMazingerViewController.h */ = {isa = PBXFileReference; fileEncoding = 4; lastKnownFileType = sourcecode.c.h; path = AOAMazingerViewController.h; sourceTree = "<group>"; };
		AAD7666F1C8C8392002662D1 /* AOAMazingerViewController.m */ = {isa = PBXFileReference; fileEncoding = 4; lastKnownFileType = sourcecode.c.objc; path = AOAMazingerViewController.m; sourceTree = "<group>"; };
		AAD766701C8C8392002662D1 /* AOAMazingerViewController.xib */ = {isa = PBXFileReference; fileEncoding = 4; lastKnownFileType = file.xib; path = AOAMazingerViewController.xib; sourceTree = "<group>"; };
		AAD886DD1C8C8FD3006B5418 /* mazinger.png */ = {isa = PBXFileReference; lastKnownFileType = image.png; path = mazinger.png; sourceTree = "<group>"; };
/* End PBXFileReference section */

/* Begin PBXFrameworksBuildPhase section */
		AAD7664E1C8C7D74002662D1 /* Frameworks */ = {
			isa = PBXFrameworksBuildPhase;
			buildActionMask = 2147483647;
			files = (
				AAD766681C8C7D9A002662D1 /* MapKit.framework in Frameworks */,
				AAD766661C8C7D92002662D1 /* CoreLocation.framework in Frameworks */,
			);
			runOnlyForDeploymentPostprocessing = 0;
		};
/* End PBXFrameworksBuildPhase section */

/* Begin PBXGroup section */
		AAD766481C8C7D73002662D1 = {
			isa = PBXGroup;
			children = (
				AAD766671C8C7D9A002662D1 /* MapKit.framework */,
				AAD766651C8C7D92002662D1 /* CoreLocation.framework */,
				AAD766531C8C7D74002662D1 /* iMazingerZ */,
				AAD766521C8C7D74002662D1 /* Products */,
			);
			sourceTree = "<group>";
		};
		AAD766521C8C7D74002662D1 /* Products */ = {
			isa = PBXGroup;
			children = (
				AAD766511C8C7D74002662D1 /* iMazingerZ.app */,
			);
			name = Products;
			sourceTree = "<group>";
		};
		AAD766531C8C7D74002662D1 /* iMazingerZ */ = {
			isa = PBXGroup;
			children = (
				AAD886DD1C8C8FD3006B5418 /* mazinger.png */,
				AAD7666D1C8C8330002662D1 /* Controllers */,
				AAD766691C8C80C5002662D1 /* Model */,
				AAD766571C8C7D74002662D1 /* AppDelegate.h */,
				AAD766581C8C7D74002662D1 /* AppDelegate.m */,
				AAD7665A1C8C7D74002662D1 /* Assets.xcassets */,
				AAD7665C1C8C7D74002662D1 /* LaunchScreen.storyboard */,
				AAD7665F1C8C7D74002662D1 /* Info.plist */,
				AAD766541C8C7D74002662D1 /* Supporting Files */,
			);
			path = iMazingerZ;
			sourceTree = "<group>";
		};
		AAD766541C8C7D74002662D1 /* Supporting Files */ = {
			isa = PBXGroup;
			children = (
				AAD766551C8C7D74002662D1 /* main.m */,
			);
			name = "Supporting Files";
			sourceTree = "<group>";
		};
		AAD766691C8C80C5002662D1 /* Model */ = {
			isa = PBXGroup;
			children = (
				AAD7666A1C8C80DB002662D1 /* AOAMazingerZ.h */,
				AAD7666B1C8C80DB002662D1 /* AOAMazingerZ.m */,
			);
			name = Model;
			sourceTree = "<group>";
		};
		AAD7666D1C8C8330002662D1 /* Controllers */ = {
			isa = PBXGroup;
			children = (
				AAD7666E1C8C8392002662D1 /* AOAMazingerViewController.h */,
				AAD7666F1C8C8392002662D1 /* AOAMazingerViewController.m */,
				AAD766701C8C8392002662D1 /* AOAMazingerViewController.xib */,
			);
			name = Controllers;
			sourceTree = "<group>";
		};
/* End PBXGroup section */

/* Begin PBXNativeTarget section */
		AAD766501C8C7D74002662D1 /* iMazingerZ */ = {
			isa = PBXNativeTarget;
			buildConfigurationList = AAD766621C8C7D74002662D1 /* Build configuration list for PBXNativeTarget "iMazingerZ" */;
			buildPhases = (
				AAD7664D1C8C7D74002662D1 /* Sources */,
				AAD7664E1C8C7D74002662D1 /* Frameworks */,
				AAD7664F1C8C7D74002662D1 /* Resources */,
			);
			buildRules = (
			);
			dependencies = (
			);
			name = iMazingerZ;
			productName = iMazingerZ;
			productReference = AAD766511C8C7D74002662D1 /* iMazingerZ.app */;
			productType = "com.apple.product-type.application";
		};
/* End PBXNativeTarget section */

/* Begin PBXProject section */
		AAD766491C8C7D73002662D1 /* Project object */ = {
			isa = PBXProject;
			attributes = {
				LastUpgradeCheck = 0720;
				ORGANIZATIONNAME = AOA;
				TargetAttributes = {
					AAD766501C8C7D74002662D1 = {
						CreatedOnToolsVersion = 7.2.1;
					};
				};
			};
			buildConfigurationList = AAD7664C1C8C7D73002662D1 /* Build configuration list for PBXProject "iMazingerZ" */;
			compatibilityVersion = "Xcode 3.2";
			developmentRegion = English;
			hasScannedForEncodings = 0;
			knownRegions = (
				en,
				Base,
			);
			mainGroup = AAD766481C8C7D73002662D1;
			productRefGroup = AAD766521C8C7D74002662D1 /* Products */;
			projectDirPath = "";
			projectRoot = "";
			targets = (
				AAD766501C8C7D74002662D1 /* iMazingerZ */,
			);
		};
/* End PBXProject section */

/* Begin PBXResourcesBuildPhase section */
		AAD7664F1C8C7D74002662D1 /* Resources */ = {
			isa = PBXResourcesBuildPhase;
			buildActionMask = 2147483647;
			files = (
				AAD886DE1C8C8FD3006B5418 /* mazinger.png in Resources */,
				AAD766721C8C8392002662D1 /* AOAMazingerViewController.xib in Resources */,
				AAD7665B1C8C7D74002662D1 /* Assets.xcassets in Resources */,
				AAD7665E1C8C7D74002662D1 /* LaunchScreen.storyboard in Resources */,
			);
			runOnlyForDeploymentPostprocessing = 0;
		};
/* End PBXResourcesBuildPhase section */

/* Begin PBXSourcesBuildPhase section */
		AAD7664D1C8C7D74002662D1 /* Sources */ = {
			isa = PBXSourcesBuildPhase;
			buildActionMask = 2147483647;
			files = (
				AAD7666C1C8C80DB002662D1 /* AOAMazingerZ.m in Sources */,
				AAD766591C8C7D74002662D1 /* AppDelegate.m in Sources */,
				AAD766561C8C7D74002662D1 /* main.m in Sources */,
				AAD766711C8C8392002662D1 /* AOAMazingerViewController.m in Sources */,
			);
			runOnlyForDeploymentPostprocessing = 0;
		};
/* End PBXSourcesBuildPhase section */

/* Begin PBXVariantGroup section */
		AAD7665C1C8C7D74002662D1 /* LaunchScreen.storyboard */ = {
			isa = PBXVariantGroup;
			children = (
				AAD7665D1C8C7D74002662D1 /* Base */,
			);
			name = LaunchScreen.storyboard;
			sourceTree = "<group>";
		};
/* End PBXVariantGroup section */

/* Begin XCBuildConfiguration section */
		AAD766601C8C7D74002662D1 /* Debug */ = {
			isa = XCBuildConfiguration;
			buildSettings = {
				ALWAYS_SEARCH_USER_PATHS = NO;
				CLANG_CXX_LANGUAGE_STANDARD = "gnu++0x";
				CLANG_CXX_LIBRARY = "libc++";
				CLANG_ENABLE_MODULES = YES;
				CLANG_ENABLE_OBJC_ARC = YES;
				CLANG_WARN_BOOL_CONVERSION = YES;
				CLANG_WARN_CONSTANT_CONVERSION = YES;
				CLANG_WARN_DIRECT_OBJC_ISA_USAGE = YES_ERROR;
				CLANG_WARN_EMPTY_BODY = YES;
				CLANG_WARN_ENUM_CONVERSION = YES;
				CLANG_WARN_INT_CONVERSION = YES;
				CLANG_WARN_OBJC_ROOT_CLASS = YES_ERROR;
				CLANG_WARN_UNREACHABLE_CODE = YES;
				CLANG_WARN__DUPLICATE_METHOD_MATCH = YES;
				"CODE_SIGN_IDENTITY[sdk=iphoneos*]" = "iPhone Developer";
				COPY_PHASE_STRIP = NO;
				DEBUG_INFORMATION_FORMAT = dwarf;
				ENABLE_STRICT_OBJC_MSGSEND = YES;
				ENABLE_TESTABILITY = YES;
				GCC_C_LANGUAGE_STANDARD = gnu99;
				GCC_DYNAMIC_NO_PIC = NO;
				GCC_NO_COMMON_BLOCKS = YES;
				GCC_OPTIMIZATION_LEVEL = 0;
				GCC_PREPROCESSOR_DEFINITIONS = (
					"DEBUG=1",
					"$(inherited)",
				);
				GCC_WARN_64_TO_32_BIT_CONVERSION = YES;
				GCC_WARN_ABOUT_RETURN_TYPE = YES_ERROR;
				GCC_WARN_UNDECLARED_SELECTOR = YES;
				GCC_WARN_UNINITIALIZED_AUTOS = YES_AGGRESSIVE;
				GCC_WARN_UNUSED_FUNCTION = YES;
				GCC_WARN_UNUSED_VARIABLE = YES;
				IPHONEOS_DEPLOYMENT_TARGET = 9.2;
				MTL_ENABLE_DEBUG_INFO = YES;
				ONLY_ACTIVE_ARCH = YES;
				SDKROOT = iphoneos;
			};
			name = Debug;
		};
		AAD766611C8C7D74002662D1 /* Release */ = {
			isa = XCBuildConfiguration;
			buildSettings = {
				ALWAYS_SEARCH_USER_PATHS = NO;
				CLANG_CXX_LANGUAGE_STANDARD = "gnu++0x";
				CLANG_CXX_LIBRARY = "libc++";
				CLANG_ENABLE_MODULES = YES;
				CLANG_ENABLE_OBJC_ARC = YES;
				CLANG_WARN_BOOL_CONVERSION = YES;
				CLANG_WARN_CONSTANT_CONVERSION = YES;
				CLANG_WARN_DIRECT_OBJC_ISA_USAGE = YES_ERROR;
				CLANG_WARN_EMPTY_BODY = YES;
				CLANG_WARN_ENUM_CONVERSION = YES;
				CLANG_WARN_INT_CONVERSION = YES;
				CLANG_WARN_OBJC_ROOT_CLASS = YES_ERROR;
				CLANG_WARN_UNREACHABLE_CODE = YES;
				CLANG_WARN__DUPLICATE_METHOD_MATCH = YES;
				"CODE_SIGN_IDENTITY[sdk=iphoneos*]" = "iPhone Developer";
				COPY_PHASE_STRIP = NO;
				DEBUG_INFORMATION_FORMAT = "dwarf-with-dsym";
				ENABLE_NS_ASSERTIONS = NO;
				ENABLE_STRICT_OBJC_MSGSEND = YES;
				GCC_C_LANGUAGE_STANDARD = gnu99;
				GCC_NO_COMMON_BLOCKS = YES;
				GCC_WARN_64_TO_32_BIT_CONVERSION = YES;
				GCC_WARN_ABOUT_RETURN_TYPE = YES_ERROR;
				GCC_WARN_UNDECLARED_SELECTOR = YES;
				GCC_WARN_UNINITIALIZED_AUTOS = YES_AGGRESSIVE;
				GCC_WARN_UNUSED_FUNCTION = YES;
				GCC_WARN_UNUSED_VARIABLE = YES;
				IPHONEOS_DEPLOYMENT_TARGET = 9.2;
				MTL_ENABLE_DEBUG_INFO = NO;
				SDKROOT = iphoneos;
				VALIDATE_PRODUCT = YES;
			};
			name = Release;
		};
		AAD766631C8C7D74002662D1 /* Debug */ = {
			isa = XCBuildConfiguration;
			buildSettings = {
				ASSETCATALOG_COMPILER_APPICON_NAME = AppIcon;
				INFOPLIST_FILE = iMazingerZ/Info.plist;
				LD_RUNPATH_SEARCH_PATHS = "$(inherited) @executable_path/Frameworks";
				PRODUCT_BUNDLE_IDENTIFIER = me.akixe.keepcoding.progios.iMazingerZ;
				PRODUCT_NAME = "$(TARGET_NAME)";
			};
			name = Debug;
		};
		AAD766641C8C7D74002662D1 /* Release */ = {
			isa = XCBuildConfiguration;
			buildSettings = {
				ASSETCATALOG_COMPILER_APPICON_NAME = AppIcon;
				INFOPLIST_FILE = iMazingerZ/Info.plist;
				LD_RUNPATH_SEARCH_PATHS = "$(inherited) @executable_path/Frameworks";
				PRODUCT_BUNDLE_IDENTIFIER = me.akixe.keepcoding.progios.iMazingerZ;
				PRODUCT_NAME = "$(TARGET_NAME)";
			};
			name = Release;
		};
/* End XCBuildConfiguration section */

/* Begin XCConfigurationList section */
		AAD7664C1C8C7D73002662D1 /* Build configuration list for PBXProject "iMazingerZ" */ = {
			isa = XCConfigurationList;
			buildConfigurations = (
				AAD766601C8C7D74002662D1 /* Debug */,
				AAD766611C8C7D74002662D1 /* Release */,
			);
			defaultConfigurationIsVisible = 0;
			defaultConfigurationName = Release;
		};
		AAD766621C8C7D74002662D1 /* Build configuration list for PBXNativeTarget "iMazingerZ" */ = {
			isa = XCConfigurationList;
			buildConfigurations = (
				AAD766631C8C7D74002662D1 /* Debug */,
				AAD766641C8C7D74002662D1 /* Release */,
			);
			defaultConfigurationIsVisible = 0;
			defaultConfigurationName = Release;
		};
/* End XCConfigurationList section */
	};
	rootObject = AAD766491C8C7D73002662D1 /* Project object */;
}
